{
  "version": 1,
  "dependencies": {
    "net10.0": {
      "Microsoft.EntityFrameworkCore": {
        "type": "Transitive",
        "resolved": "10.0.11",
        "contentHash": "VOSGU8en6HZJs8t7UMFN+9vGcRgVOOn6fA44Ngcg2NyvJ3P1KE94iAb0XzaVaGhXGtt+qaM/VtEn0/hzluQJeg==",
        "dependencies": {
          "Microsoft.EntityFrameworkCore.Abstractions": "10.0.11",
          "Microsoft.EntityFrameworkCore.Analyzers": "10.0.11"
        }
      },
      "Microsoft.EntityFrameworkCore.Abstractions": {
        "type": "Transitive",
        "resolved": "10.0.11",
        "contentHash": "6auJR+9+9VunznKfH7WGrHMrnrmA0F7JZ22EXzwXvVhjfnbu9Xq7NSIWaOf3KJsOanM2qf5ajJ2JR5TlcPZTLA=="
      },
      "Microsoft.EntityFrameworkCore.Analyzers": {
        "type": "Transitive",
        "resolved": "10.0.11",
        "contentHash": "Bv7X4wSSnzCQED9WYXKJ8fwgyvKwf0xZM1GO8xkf6CF9zl+UBnvjxmcPnokJRy0JKjc1SlHSzzhx1HcL4jitTQ=="
      },
      "Microsoft.EntityFrameworkCore.Relational": {
        "type": "Transitive",
        "resolved": "10.0.11",
        "contentHash": "grznnTJgEYxaWpdKAsTzg6j+89jHgCXWYp+QGtlX5O92+w/VuhWM6JLPYb+uw8M9VhGUvOTsO76dYOy9vNPd5Q==",
        "dependencies": {
          "Microsoft.EntityFrameworkCore": "10.0.11"
        }
      },
      "Npgsql": {
        "type": "Transitive",
        "resolved": "10.0.3",
        "contentHash": "7nb5YzXuvWWJxB0J8DiyL3we+X4FOctZrt0fIBnucOIaIevFEEwGQVZKtiu9olXdlNAK1eNgqSral6r/jlhI4w=="
      },
      "Npgsql.EntityFrameworkCore.PostgreSQL": {
        "type": "Transitive",
        "resolved": "10.0.3",
        "contentHash": "IPGrrZnRkuW7OlHDhUESZz4G5DLkW7Nej/O3Cx+0iTsgyU5XJxBgpsvTHLloo3WWuAKKbDHXBvWPVkX1deRh1Q==",
        "dependencies": {
          "Microsoft.EntityFrameworkCore": "[10.0.4, 11.0.0)",
          "Microsoft.EntityFrameworkCore.Relational": "[10.0.4, 11.0.0)",
          "Npgsql": "10.0.3"
        }
      },
      "RESPite": {
        "type": "Transitive",
        "resolved": "3.1.31",
        "contentHash": "u+MFK6FzGWngKaY3wJ/V9vQSVe/NSqpk0IYYw6ACwmlPq5eTnsyZGlzEa3YMifJGVs3omrl5MkgigB1jZYNnGg=="
      },
      "StackExchange.Redis": {
        "type": "Transitive",
        "resolved": "3.1.31",
        "contentHash": "QillloeZxgw9+IWmnowTrjrn+JV7JIMVzr1JiUpCa7pJQI48rtcqG9yy6u5UBRiTuCiKU5909aRu67Ch6gWVMg==",
        "dependencies": {
          "RESPite": "3.1.31",
          "System.IO.Hashing": "10.0.5"
        }
      },
      "System.IO.Hashing": {
        "type": "Transitive",
        "resolved": "10.0.5",
        "contentHash": "8IBJWcCT9+e4Bmevm4T7+fQEiAh133KGiz4oiVTgJckd3Q76OFdR1falgn9lpz7+C4HJvogCDJeAa2QmvbeVtg=="
      },
      "analysis.application": {
        "type": "Project",
        "dependencies": {
          "Analysis.Domain": "[1.0.0, )"
        }
      },
      "analysis.domain": {
        "type": "Project"
      },
      "analysis.infrastructure": {
        "type": "Project",
        "dependencies": {
          "Analysis.Application": "[1.0.0, )",
          "Microsoft.EntityFrameworkCore": "[10.0.11, 10.0.11]",
          "Microsoft.EntityFrameworkCore.Relational": "[10.0.11, 10.0.11]",
          "Npgsql": "[10.0.3, 10.0.3]",
          "Npgsql.EntityFrameworkCore.PostgreSQL": "[10.0.3, 10.0.3]",
          "StackExchange.Redis": "[3.1.31, 3.1.31]"
        }
      },
      "analysis.worker": {
        "type": "Project",
        "dependencies": {
          "Analysis.Infrastructure": "[1.0.0, )"
        }
      }
    }
  }
}